
Microsoft Visual Studio Solution File, Format Version 12.00
# Visual Studio Version 16
VisualStudioVersion = 16.0.31729.503
MinimumVisualStudioVersion = 10.0.40219.1
Project("{9A19103F-16F7-4668-BE54-9A1E7A4F7556}") = "MicroServiceEduCustomer", "MicroServiceEduCustomer\MicroServiceEduCustomer.csproj", "{E643314D-F689-4E16-B0E9-6E5EB90AC546}"
EndProject
Project("{E53339B2-1760-4266-BCC7-CA923CBCF16C}") = "docker-compose", "docker-compose.dcproj", "{78C2952F-C978-498C-B8BD-BCD0F8A065ED}"
EndProject
Global
	GlobalSection(SolutionConfigurationPlatforms) = preSolution
		Debug|Any CPU = Debug|Any CPU
		Release|Any CPU = Release|Any CPU
	EndGlobalSection
	GlobalSection(ProjectConfigurationPlatforms) = postSolution
		{E643314D-F689-4E16-B0E9-6E5EB90AC546}.Debug|Any CPU.ActiveCfg = Debug|Any CPU
		{E643314D-F689-4E16-B0E9-6E5EB90AC546}.Debug|Any CPU.Build.0 = Debug|Any CPU
		{E643314D-F689-4E16-B0E9-6E5EB90AC546}.Release|Any CPU.ActiveCfg = Release|Any CPU
		{E643314D-F689-4E16-B0E9-6E5EB90AC546}.Release|Any CPU.Build.0 = Release|Any CPU
		{78C2952F-C978-498C-B8BD-BCD0F8A065ED}.Debug|Any CPU.ActiveCfg = Debug|Any CPU
		{78C2952F-C978-498C-B8BD-BCD0F8A065ED}.Debug|Any CPU.Build.0 = Debug|Any CPU
		{78C2952F-C978-498C-B8BD-BCD0F8A065ED}.Release|Any CPU.ActiveCfg = Release|Any CPU
		{78C2952F-C978-498C-B8BD-BCD0F8A065ED}.Release|Any CPU.Build.0 = Release|Any CPU
	EndGlobalSection
	GlobalSection(SolutionProperties) = preSolution
		HideSolutionNode = FALSE
	EndGlobalSection
	GlobalSection(ExtensibilityGlobals) = postSolution
		SolutionGuid = {B6327AAE-36C9-4C6C-91E1-96E2B032F57D}
	EndGlobalSection
EndGlobal
